{
  "requires": true,
  "lockfileVersion": 1,
  "dependencies": {
    "intl-tel-input": {
      "version": "16.0.15",
      "resolved": "https://registry.npmjs.org/intl-tel-input/-/intl-tel-input-16.0.15.tgz",
      "integrity": "sha512-NSCK9Ybj1moZEuUKJc7T0W8kTKbvRVE9ouelTI47ZAUKx0l4IAVppEHxhtOQZZK03ykT+j2+7KEJUe4ozktnZA=="
    }
  }
}
